
Microsoft Visual Studio Solution File, Format Version 12.00
# Visual Studio Version 16
VisualStudioVersion = 16.0.31702.278
MinimumVisualStudioVersion = 10.0.40219.1
Project("{FAE04EC0-301F-11D3-BF4B-00C04F79EFBC}") = "MiniFacebookApp", "MiniFacebookApp\MiniFacebookApp.csproj", "{143EF399-9ABF-45A4-A325-FEB8A3770951}"
EndProject
Global
	GlobalSection(SolutionConfigurationPlatforms) = preSolution
		Debug|Any CPU = Debug|Any CPU
		Release|Any CPU = Release|Any CPU
	EndGlobalSection
	GlobalSection(ProjectConfigurationPlatforms) = postSolution
		{143EF399-9ABF-45A4-A325-FEB8A3770951}.Debug|Any CPU.ActiveCfg = Debug|Any CPU
		{143EF399-9ABF-45A4-A325-FEB8A3770951}.Debug|Any CPU.Build.0 = Debug|Any CPU
		{143EF399-9ABF-45A4-A325-FEB8A3770951}.Release|Any CPU.ActiveCfg = Release|Any CPU
		{143EF399-9ABF-45A4-A325-FEB8A3770951}.Release|Any CPU.Build.0 = Release|Any CPU
	EndGlobalSection
	GlobalSection(SolutionProperties) = preSolution
		HideSolutionNode = FALSE
	EndGlobalSection
	GlobalSection(ExtensibilityGlobals) = postSolution
		SolutionGuid = {ECAB314F-F347-47DA-9A18-E1678BF75F99}
	EndGlobalSection
EndGlobal
